{
    "_meta": {
        "hash": {
            "sha256": "d702e6eed5a1362bf261543572bbffd2e8a87140b8d8cb07b99fb0d25220a2b5"
        },
        "pipfile-spec": 6,
        "requires": {},
        "sources": [
            {
                "name": "pypi",
                "url": "https://pypi.org/simple",
                "verify_ssl": true
            }
        ]
    },
    "default": {
        "bcrypt": {
            "hashes": [
                "sha256:0258f143f3de96b7c14f762c770f5fc56ccd72f8a1857a451c1cd9a655d9ac89",
                "sha256:0b0069c752ec14172c5f78208f1863d7ad6755a6fae6fe76ec2c80d13be41e42",
                "sha256:19a4b72a6ae5bb467fea018b825f0a7d917789bcfe893e53f15c92805d187294",
                "sha256:5432dd7b34107ae8ed6c10a71b4397f1c853bd39a4d6ffa7e35f40584cffd161",
                "sha256:6305557019906466fc42dbc53b46da004e72fd7a551c044a827e572c82191752",
                "sha256:69361315039878c0680be456640f8705d76cb4a3a3fe1e057e0f261b74be4b31",
                "sha256:6fe49a60b25b584e2f4ef175b29d3a83ba63b3a4df1b4c0605b826668d1b6be5",
                "sha256:74a015102e877d0ccd02cdeaa18b32aa7273746914a6c5d0456dd442cb65b99c",
                "sha256:763669a367869786bb4c8fcf731f4175775a5b43f070f50f46f0b59da45375d0",
                "sha256:8b10acde4e1919d6015e1df86d4c217d3b5b01bb7744c36113ea43d529e1c3de",
                "sha256:9fe92406c857409b70a38729dbdf6578caf9228de0aef5bc44f859ffe971a39e",
                "sha256:a190f2a5dbbdbff4b74e3103cef44344bc30e61255beb27310e2aec407766052",
                "sha256:a595c12c618119255c90deb4b046e1ca3bcfad64667c43d1166f2b04bc72db09",
                "sha256:c9457fa5c121e94a58d6505cadca8bed1c64444b83b3204928a866ca2e599105",
                "sha256:cb93f6b2ab0f6853550b74e051d297c27a638719753eb9ff66d1e4072be67133",
                "sha256:ce4e4f0deb51d38b1611a27f330426154f2980e66582dc5f438aad38b5f24fc1",
                "sha256:d7bdc26475679dd073ba0ed2766445bb5b20ca4793ca0db32b399dccc6bc84b7",
                "sha256:ff032765bb8716d9387fd5376d987a937254b0619eff0972779515b5c98820bc"
            ],
            "version": "==3.1.7"
        },
        "cffi": {
            "hashes": [
                "sha256:0b49274afc941c626b605fb59b59c3485c17dc776dc3cc7cc14aca74cc19cc42",
                "sha256:0e3ea92942cb1168e38c05c1d56b0527ce31f1a370f6117f1d490b8dcd6b3a04",
                "sha256:135f69aecbf4517d5b3d6429207b2dff49c876be724ac0c8bf8e1ea99df3d7e5",
                "sha256:19db0cdd6e516f13329cba4903368bff9bb5a9331d3410b1b448daaadc495e54",
                "sha256:2781e9ad0e9d47173c0093321bb5435a9dfae0ed6a762aabafa13108f5f7b2ba",
                "sha256:291f7c42e21d72144bb1c1b2e825ec60f46d0a7468f5346841860454c7aa8f57",
                "sha256:2c5e309ec482556397cb21ede0350c5e82f0eb2621de04b2633588d118da4396",
                "sha256:2e9c80a8c3344a92cb04661115898a9129c074f7ab82011ef4b612f645939f12",
                "sha256:32a262e2b90ffcfdd97c7a5e24a6012a43c61f1f5a57789ad80af1d26c6acd97",
                "sha256:3c9fff570f13480b201e9ab69453108f6d98244a7f495e91b6c654a47486ba43",
                "sha256:415bdc7ca8c1c634a6d7163d43fb0ea885a07e9618a64bda407e04b04333b7db",
                "sha256:42194f54c11abc8583417a7cf4eaff544ce0de8187abaf5d29029c91b1725ad3",
                "sha256:4424e42199e86b21fc4db83bd76909a6fc2a2aefb352cb5414833c030f6ed71b",
                "sha256:4a43c91840bda5f55249413037b7a9b79c90b1184ed504883b72c4df70778579",
                "sha256:599a1e8ff057ac530c9ad1778293c665cb81a791421f46922d80a86473c13346",
                "sha256:5c4fae4e9cdd18c82ba3a134be256e98dc0596af1e7285a3d2602c97dcfa5159",
                "sha256:5ecfa867dea6fabe2a58f03ac9186ea64da1386af2159196da51c4904e11d652",
                "sha256:62f2578358d3a92e4ab2d830cd1c2049c9c0d0e6d3c58322993cc341bdeac22e",
                "sha256:6471a82d5abea994e38d2c2abc77164b4f7fbaaf80261cb98394d5793f11b12a",
                "sha256:6d4f18483d040e18546108eb13b1dfa1000a089bcf8529e30346116ea6240506",
                "sha256:71a608532ab3bd26223c8d841dde43f3516aa5d2bf37b50ac410bb5e99053e8f",
                "sha256:74a1d8c85fb6ff0b30fbfa8ad0ac23cd601a138f7509dc617ebc65ef305bb98d",
                "sha256:7b93a885bb13073afb0aa73ad82059a4c41f4b7d8eb8368980448b52d4c7dc2c",
                "sha256:7d4751da932caaec419d514eaa4215eaf14b612cff66398dd51129ac22680b20",
                "sha256:7f627141a26b551bdebbc4855c1157feeef18241b4b8366ed22a5c7d672ef858",
                "sha256:8169cf44dd8f9071b2b9248c35fc35e8677451c52f795daa2bb4643f32a540bc",
                "sha256:aa00d66c0fab27373ae44ae26a66a9e43ff2a678bf63a9c7c1a9a4d61172827a",
                "sha256:ccb032fda0873254380aa2bfad2582aedc2959186cce61e3a17abc1a55ff89c3",
                "sha256:d754f39e0d1603b5b24a7f8484b22d2904fa551fe865fd0d4c3332f078d20d4e",
                "sha256:d75c461e20e29afc0aee7172a0950157c704ff0dd51613506bd7d82b718e7410",
                "sha256:dcd65317dd15bc0451f3e01c80da2216a31916bdcffd6221ca1202d96584aa25",
                "sha256:e570d3ab32e2c2861c4ebe6ffcad6a8abf9347432a37608fe1fbd157b3f0036b",
                "sha256:fd43a88e045cf992ed09fa724b5315b790525f2676883a6ea64e3263bae6549d"
            ],
            "version": "==1.13.2"
        },
        "core": {
            "editable": true,
            "path": "."
        },
        "cryptography": {
            "hashes": [
                "sha256:02079a6addc7b5140ba0825f542c0869ff4df9a69c360e339ecead5baefa843c",
                "sha256:1df22371fbf2004c6f64e927668734070a8953362cd8370ddd336774d6743595",
                "sha256:369d2346db5934345787451504853ad9d342d7f721ae82d098083e1f49a582ad",
                "sha256:3cda1f0ed8747339bbdf71b9f38ca74c7b592f24f65cdb3ab3765e4b02871651",
                "sha256:44ff04138935882fef7c686878e1c8fd80a723161ad6a98da31e14b7553170c2",
                "sha256:4b1030728872c59687badcca1e225a9103440e467c17d6d1730ab3d2d64bfeff",
                "sha256:58363dbd966afb4f89b3b11dfb8ff200058fbc3b947507675c19ceb46104b48d",
                "sha256:6ec280fb24d27e3d97aa731e16207d58bd8ae94ef6eab97249a2afe4ba643d42",
                "sha256:7270a6c29199adc1297776937a05b59720e8a782531f1f122f2eb8467f9aab4d",
                "sha256:73fd30c57fa2d0a1d7a49c561c40c2f79c7d6c374cc7750e9ac7c99176f6428e",
                "sha256:7f09806ed4fbea8f51585231ba742b58cbcfbfe823ea197d8c89a5e433c7e912",
                "sha256:90df0cc93e1f8d2fba8365fb59a858f51a11a394d64dbf3ef844f783844cc793",
                "sha256:971221ed40f058f5662a604bd1ae6e4521d84e6cad0b7b170564cc34169c8f13",
                "sha256:a518c153a2b5ed6b8cc03f7ae79d5ffad7315ad4569b2d5333a13c38d64bd8d7",
                "sha256:b0de590a8b0979649ebeef8bb9f54394d3a41f66c5584fff4220901739b6b2f0",
                "sha256:b43f53f29816ba1db8525f006fa6f49292e9b029554b3eb56a189a70f2a40879",
                "sha256:d31402aad60ed889c7e57934a03477b572a03af7794fa8fb1780f21ea8f6551f",
                "sha256:de96157ec73458a7f14e3d26f17f8128c959084931e8997b9e655a39c8fde9f9",
                "sha256:df6b4dca2e11865e6cfbfb708e800efb18370f5a46fd601d3755bc7f85b3a8a2",
                "sha256:ecadccc7ba52193963c0475ac9f6fa28ac01e01349a2ca48509667ef41ffd2cf",
                "sha256:fb81c17e0ebe3358486cd8cc3ad78adbae58af12fc2bf2bc0bb84e8090fa5ce8"
            ],
            "version": "==2.8"
        },
        "fabric": {
            "hashes": [
                "sha256:160331934ea60036604928e792fa8e9f813266b098ef5562aa82b88527740389",
                "sha256:24842d7d51556adcabd885ac3cf5e1df73fc622a1708bf3667bf5927576cdfa6"
            ],
            "version": "==2.5.0"
        },
        "grpcio": {
            "hashes": [
                "sha256:066630f6b62bffa291dacbee56994279a6a3682b8a11967e9ccaf3cc770fc11e",
                "sha256:07e95762ca6b18afbeb3aa2793e827c841152d5e507089b1db0b18304edda105",
                "sha256:0a0fb2f8e3a13537106bc77e4c63005bc60124a6203034304d9101921afa4e90",
                "sha256:0c61b74dcfb302613926e785cb3542a0905b9a3a86e9410d8cf5d25e25e10104",
                "sha256:13383bd70618da03684a8aafbdd9e3d9a6720bf8c07b85d0bc697afed599d8f0",
                "sha256:1c6e0f6b9d091e3717e9a58d631c8bb4898be3b261c2a01fe46371fdc271052f",
                "sha256:1cf710c04689daa5cc1e598efba00b028215700dcc1bf66fcb7b4f64f2ea5d5f",
                "sha256:2da5cee9faf17bb8daf500cd0d28a17ae881ab5500f070a6aace457f4c08cac4",
                "sha256:2f78ebf340eaf28fa09aba0f836a8b869af1716078dfe8f3b3f6ff785d8f2b0f",
                "sha256:33a07a1a8e817d733588dbd18e567caad1a6fe0d440c165619866cd490c7911a",
                "sha256:3d090c66af9c065b7228b07c3416f93173e9839b1d40bb0ce3dd2aa783645026",
                "sha256:42b903a3596a10e2a3727bae2a76f8aefd324d498424b843cfa9606847faea7b",
                "sha256:4fffbb58134c4f23e5a8312ac3412db6f5e39e961dc0eb5e3115ce5aa16bf927",
                "sha256:57be5a6c509a406fe0ffa6f8b86904314c77b5e2791be8123368ad2ebccec874",
                "sha256:5b0fa09efb33e2af4e8822b4eb8b2cbc201d562e3e185c439be7eaeee2e8b8aa",
                "sha256:5ef42dfc18f9a63a06aca938770b69470bb322e4c137cf08cf21703d1ef4ae5c",
                "sha256:6a43d2f2ff8250f200fdf7aa31fa191a997922aa9ea1182453acd705ad83ab72",
                "sha256:6d8ab28559be98b02f8b3a154b53239df1aa5b0d28ff865ae5be4f30e7ed4d3f",
                "sha256:6e47866b7dc14ca3a12d40c1d6082e7bea964670f1c5315ea0fb8b0550244d64",
                "sha256:6edda1b96541187f73aab11800d25f18ee87e53d5f96bb74473873072bf28a0e",
                "sha256:7109c8738a8a3c98cfb5dda1c45642a8d6d35dc00d257ab7a175099b2b4daecd",
                "sha256:8d866aafb08657c456a18c4a31c8526ea62de42427c242b58210b9eae6c64559",
                "sha256:9939727d9ae01690b24a2b159ac9dbca7b7e8e6edd5af6a6eb709243cae7b52b",
                "sha256:99fd873699df17cb11c542553270ae2b32c169986e475df0d68a8629b8ef4df7",
                "sha256:b6fda5674f990e15e1bcaacf026428cf50bce36e708ddcbd1de9673b14aab760",
                "sha256:bdb2f3dcb664f0c39ef1312cd6acf6bc6375252e4420cf8f36fff4cb4fa55c71",
                "sha256:bfd7d3130683a1a0a50c456273c21ec8a604f2d043b241a55235a78a0090ee06",
                "sha256:c6c2db348ac73d73afe14e0833b18abbbe920969bf2c5c03c0922719f8020d06",
                "sha256:cb7a4b41b5e2611f85c3402ac364f1d689f5d7ecbc24a55ef010eedcd6cf460f",
                "sha256:cd3d3e328f20f7c807a862620c6ee748e8d57ba2a8fc960d48337ed71c6d9d32",
                "sha256:d1a481777952e4f99b8a6956581f3ee866d7614100d70ae6d7e07327570b85ce",
                "sha256:d1d49720ed636920bb3d74cedf549382caa9ad55aea89d1de99d817068d896b2",
                "sha256:d42433f0086cccd192114343473d7dbd4aae9141794f939e2b7b83efc57543db",
                "sha256:d44c34463a7c481e076f691d8fa25d080c3486978c2c41dca09a8dd75296c2d7",
                "sha256:d7e5b7af1350e9c8c17a7baf99d575fbd2de69f7f0b0e6ebd47b57506de6493a",
                "sha256:d9542366a0917b9b48bab1fee481ac01f56bdffc52437b598c09e7840148a6a9",
                "sha256:df7cdfb40179acc9790a462c049e0b8e109481164dd7ad1a388dd67ff1528759",
                "sha256:e1a9d9d2e7224d981aea8da79260c7f6932bf31ce1f99b7ccfa5eceeb30dc5d0",
                "sha256:ed10e5fad105ecb0b12822f924e62d0deb07f46683a0b64416b17fd143daba1d",
                "sha256:f0ec5371ce2363b03531ed522bfbe691ec940f51f0e111f0500fc0f44518c69d",
                "sha256:f6580a8a4f5e701289b45fd62a8f6cb5ec41e4d77082424f8b676806dcd22564",
                "sha256:f7b83e4b2842d44fce3cdc0d54db7a7e0d169a598751bf393601efaa401c83e0",
                "sha256:ffec45b0db18a555fdfe0c6fa2d0a3fceb751b22b31e8fcd14ceed7bde05481e"
            ],
            "version": "==1.26.0"
        },
        "invoke": {
            "hashes": [
                "sha256:c52274d2e8a6d64ef0d61093e1983268ea1fc0cd13facb9448c4ef0c9a7ac7da",
                "sha256:f4ec8a134c0122ea042c8912529f87652445d9f4de590b353d23f95bfa1f0efd",
                "sha256:fc803a5c9052f15e63310aa81a43498d7c55542beb18564db88a9d75a176fa44"
            ],
            "version": "==1.3.0"
        },
        "lxml": {
            "hashes": [
                "sha256:00ac0d64949fef6b3693813fe636a2d56d97a5a49b5bbb86e4cc4cc50ebc9ea2",
                "sha256:0571e607558665ed42e450d7bf0e2941d542c18e117b1ebbf0ba72f287ad841c",
                "sha256:0e3f04a7615fdac0be5e18b2406529521d6dbdb0167d2a690ee328bef7807487",
                "sha256:13cf89be53348d1c17b453867da68704802966c433b2bb4fa1f970daadd2ef70",
                "sha256:217262fcf6a4c2e1c7cb1efa08bd9ebc432502abc6c255c4abab611e8be0d14d",
                "sha256:223e544828f1955daaf4cefbb4853bc416b2ec3fd56d4f4204a8b17007c21250",
                "sha256:277cb61fede2f95b9c61912fefb3d43fbd5f18bf18a14fae4911b67984486f5d",
                "sha256:3213f753e8ae86c396e0e066866e64c6b04618e85c723b32ecb0909885211f74",
                "sha256:4690984a4dee1033da0af6df0b7a6bde83f74e1c0c870623797cec77964de34d",
                "sha256:4fcc472ef87f45c429d3b923b925704aa581f875d65bac80f8ab0c3296a63f78",
                "sha256:61409bd745a265a742f2693e4600e4dbd45cc1daebe1d5fad6fcb22912d44145",
                "sha256:678f1963f755c5d9f5f6968dded7b245dd1ece8cf53c1aa9d80e6734a8c7f41d",
                "sha256:6c6d03549d4e2734133badb9ab1c05d9f0ef4bcd31d83e5d2b4747c85cfa21da",
                "sha256:6e74d5f4d6ecd6942375c52ffcd35f4318a61a02328f6f1bd79fcb4ffedf969e",
                "sha256:7b4fc7b1ecc987ca7aaf3f4f0e71bbfbd81aaabf87002558f5bc95da3a865bcd",
                "sha256:7ed386a40e172ddf44c061ad74881d8622f791d9af0b6f5be20023029129bc85",
                "sha256:8f54f0924d12c47a382c600c880770b5ebfc96c9fd94cf6f6bdc21caf6163ea7",
                "sha256:ad9b81351fdc236bda538efa6879315448411a81186c836d4b80d6ca8217cdb9",
                "sha256:bbd00e21ea17f7bcc58dccd13869d68441b32899e89cf6cfa90d624a9198ce85",
                "sha256:c3c289762cc09735e2a8f8a49571d0e8b4f57ea831ea11558247b5bdea0ac4db",
                "sha256:cf4650942de5e5685ad308e22bcafbccfe37c54aa7c0e30cd620c2ee5c93d336",
                "sha256:cfcbc33c9c59c93776aa41ab02e55c288a042211708b72fdb518221cc803abc8",
                "sha256:e301055deadfedbd80cf94f2f65ff23126b232b0d1fea28f332ce58137bcdb18",
                "sha256:ebbfe24df7f7b5c6c7620702496b6419f6a9aa2fd7f005eb731cc80d7b4692b9",
                "sha256:eff69ddbf3ad86375c344339371168640951c302450c5d3e9936e98d6459db06",
                "sha256:f6ed60a62c5f1c44e789d2cf14009423cb1646b44a43e40a9cf6a21f077678a1"
            ],
            "version": "==4.4.2"
        },
        "netaddr": {
            "hashes": [
                "sha256:38aeec7cdd035081d3a4c306394b19d677623bf76fa0913f6695127c7753aefd",
                "sha256:56b3558bd71f3f6999e4c52e349f38660e54a7a8a9943335f73dfc96883e08ca"
            ],
            "version": "==0.7.19"
        },
        "paramiko": {
            "hashes": [
                "sha256:920492895db8013f6cc0179293147f830b8c7b21fdfc839b6bad760c27459d9f",
                "sha256:9c980875fa4d2cb751604664e9a2d0f69096643f5be4db1b99599fe114a97b2f"
            ],
            "version": "==2.7.1"
        },
        "pillow": {
            "hashes": [
                "sha256:047d9473cf68af50ac85f8ee5d5f21a60f849bc17d348da7fc85711287a75031",
                "sha256:0f66dc6c8a3cc319561a633b6aa82c44107f12594643efa37210d8c924fc1c71",
                "sha256:12c9169c4e8fe0a7329e8658c7e488001f6b4c8e88740e76292c2b857af2e94c",
                "sha256:248cffc168896982f125f5c13e9317c059f74fffdb4152893339f3be62a01340",
                "sha256:27faf0552bf8c260a5cee21a76e031acaea68babb64daf7e8f2e2540745082aa",
                "sha256:285edafad9bc60d96978ed24d77cdc0b91dace88e5da8c548ba5937c425bca8b",
                "sha256:384b12c9aa8ef95558abdcb50aada56d74bc7cc131dd62d28c2d0e4d3aadd573",
                "sha256:38950b3a707f6cef09cd3cbb142474357ad1a985ceb44d921bdf7b4647b3e13e",
                "sha256:4aad1b88933fd6dc2846552b89ad0c74ddbba2f0884e2c162aa368374bf5abab",
                "sha256:4ac6148008c169603070c092e81f88738f1a0c511e07bd2bb0f9ef542d375da9",
                "sha256:4deb1d2a45861ae6f0b12ea0a786a03d19d29edcc7e05775b85ec2877cb54c5e",
                "sha256:59aa2c124df72cc75ed72c8d6005c442d4685691a30c55321e00ed915ad1a291",
                "sha256:5a47d2123a9ec86660fe0e8d0ebf0aa6bc6a17edc63f338b73ea20ba11713f12",
                "sha256:5cc901c2ab9409b4b7ac7b5bcc3e86ac14548627062463da0af3b6b7c555a871",
                "sha256:6c1db03e8dff7b9f955a0fb9907eb9ca5da75b5ce056c0c93d33100a35050281",
                "sha256:7ce80c0a65a6ea90ef9c1f63c8593fcd2929448613fc8da0adf3e6bfad669d08",
                "sha256:809c19241c14433c5d6135e1b6c72da4e3b56d5c865ad5736ab99af8896b8f41",
                "sha256:83792cb4e0b5af480588601467c0764242b9a483caea71ef12d22a0d0d6bdce2",
                "sha256:846fa202bd7ee0f6215c897a1d33238ef071b50766339186687bd9b7a6d26ac5",
                "sha256:9f5529fc02009f96ba95bea48870173426879dc19eec49ca8e08cd63ecd82ddb",
                "sha256:a423c2ea001c6265ed28700df056f75e26215fd28c001e93ef4380b0f05f9547",
                "sha256:ac4428094b42907aba5879c7c000d01c8278d451a3b7cccd2103e21f6397ea75",
                "sha256:b1ae48d87f10d1384e5beecd169c77502fcc04a2c00a4c02b85f0a94b419e5f9",
                "sha256:bf4e972a88f8841d8fdc6db1a75e0f8d763e66e3754b03006cbc3854d89f1cb1",
                "sha256:c6414f6aad598364aaf81068cabb077894eb88fed99c6a65e6e8217bab62ae7a",
                "sha256:c710fcb7ee32f67baf25aa9ffede4795fd5d93b163ce95fdc724383e38c9df96",
                "sha256:c7be4b8a09852291c3c48d3c25d1b876d2494a0a674980089ac9d5e0d78bd132",
                "sha256:c9e5ffb910b14f090ac9c38599063e354887a5f6d7e6d26795e916b4514f2c1a",
                "sha256:e0697b826da6c2472bb6488db4c0a7fa8af0d52fa08833ceb3681358914b14e5",
                "sha256:e9a3edd5f714229d41057d56ac0f39ad9bdba6767e8c888c951869f0bdd129b0"
            ],
            "version": "==6.2.1"
        },
        "protobuf": {
            "hashes": [
                "sha256:0265379852b9e1f76af6d3d3fe4b3c383a595cc937594bda8565cf69a96baabd",
                "sha256:29bd1ed46b2536ad8959401a2f02d2d7b5a309f8e97518e4f92ca6c5ba74dbed",
                "sha256:3175d45698edb9a07c1a78a1a4850e674ce8988f20596580158b1d0921d0f057",
                "sha256:34a7270940f86da7a28be466ac541c89b6dbf144a6348b9cf7ac6f56b71006ce",
                "sha256:38cbc830a4a5ba9956763b0f37090bfd14dd74e72762be6225de2ceac55f4d03",
                "sha256:665194f5ad386511ac8d8a0bd57b9ab37b8dd2cd71969458777318e774b9cd46",
                "sha256:839bad7d115c77cdff29b488fae6a3ab503ce9a4192bd4c42302a6ea8e5d0f33",
                "sha256:934a9869a7f3b0d84eca460e386fba1f7ba2a0c1a120a2648bc41fadf50efd1c",
                "sha256:aecdf12ef6dc7fd91713a6da93a86c2f2a8fe54840a3b1670853a2b7402e77c9",
                "sha256:c4e90bc27c0691c76e09b5dc506133451e52caee1472b8b3c741b7c912ce43ef",
                "sha256:c65d135ea2d85d40309e268106dab02d3bea723db2db21c23ecad4163ced210b",
                "sha256:c98dea04a1ff41a70aff2489610f280004831798cb36a068013eed04c698903d",
                "sha256:d9049aa194378a426f0b2c784e2054565bf6f754d20fcafdee7102a6250556e8",
                "sha256:e028fee51c96de4e81924484c77111dfdea14010ecfc906ea5b252209b0c4de6",
                "sha256:e84ad26fb50091b1ea676403c0dd2bd47663099454aa6d88000b1dafecab0941",
                "sha256:e88a924b591b06d0191620e9c8aa75297b3111066bb09d49a24bae1054a10c13"
            ],
            "version": "==3.11.1"
        },
        "pycparser": {
            "hashes": [
                "sha256:a988718abfad80b6b157acce7bf130a30876d27603738ac39f140993246b25b3"
            ],
            "version": "==2.19"
        },
        "pynacl": {
            "hashes": [
                "sha256:05c26f93964373fc0abe332676cb6735f0ecad27711035b9472751faa8521255",
                "sha256:0c6100edd16fefd1557da078c7a31e7b7d7a52ce39fdca2bec29d4f7b6e7600c",
                "sha256:0d0a8171a68edf51add1e73d2159c4bc19fc0718e79dec51166e940856c2f28e",
                "sha256:1c780712b206317a746ace34c209b8c29dbfd841dfbc02aa27f2084dd3db77ae",
                "sha256:2424c8b9f41aa65bbdbd7a64e73a7450ebb4aa9ddedc6a081e7afcc4c97f7621",
                "sha256:2d23c04e8d709444220557ae48ed01f3f1086439f12dbf11976e849a4926db56",
                "sha256:30f36a9c70450c7878053fa1344aca0145fd47d845270b43a7ee9192a051bf39",
                "sha256:37aa336a317209f1bb099ad177fef0da45be36a2aa664507c5d72015f956c310",
                "sha256:4943decfc5b905748f0756fdd99d4f9498d7064815c4cf3643820c9028b711d1",
                "sha256:53126cd91356342dcae7e209f840212a58dcf1177ad52c1d938d428eebc9fee5",
                "sha256:57ef38a65056e7800859e5ba9e6091053cd06e1038983016effaffe0efcd594a",
                "sha256:5bd61e9b44c543016ce1f6aef48606280e45f892a928ca7068fba30021e9b786",
                "sha256:6482d3017a0c0327a49dddc8bd1074cc730d45db2ccb09c3bac1f8f32d1eb61b",
                "sha256:7d3ce02c0784b7cbcc771a2da6ea51f87e8716004512493a2b69016326301c3b",
                "sha256:a14e499c0f5955dcc3991f785f3f8e2130ed504fa3a7f44009ff458ad6bdd17f",
                "sha256:a39f54ccbcd2757d1d63b0ec00a00980c0b382c62865b61a505163943624ab20",
                "sha256:aabb0c5232910a20eec8563503c153a8e78bbf5459490c49ab31f6adf3f3a415",
                "sha256:bd4ecb473a96ad0f90c20acba4f0bf0df91a4e03a1f4dd6a4bdc9ca75aa3a715",
                "sha256:bf459128feb543cfca16a95f8da31e2e65e4c5257d2f3dfa8c0c1031139c9c92",
                "sha256:e2da3c13307eac601f3de04887624939aca8ee3c9488a0bb0eca4fb9401fc6b1",
                "sha256:f67814c38162f4deb31f68d590771a29d5ae3b1bd64b75cf232308e5c74777e0"
            ],
            "version": "==1.3.0"
        },
        "pyyaml": {
            "hashes": [
                "sha256:0e7f69397d53155e55d10ff68fdfb2cf630a35e6daf65cf0bdeaf04f127c09dc",
                "sha256:2e9f0b7c5914367b0916c3c104a024bb68f269a486b9d04a2e8ac6f6597b7803",
                "sha256:35ace9b4147848cafac3db142795ee42deebe9d0dad885ce643928e88daebdcc",
                "sha256:38a4f0d114101c58c0f3a88aeaa44d63efd588845c5a2df5290b73db8f246d15",
                "sha256:483eb6a33b671408c8529106df3707270bfacb2447bf8ad856a4b4f57f6e3075",
                "sha256:4b6be5edb9f6bb73680f5bf4ee08ff25416d1400fbd4535fe0069b2994da07cd",
                "sha256:7f38e35c00e160db592091751d385cd7b3046d6d51f578b29943225178257b31",
                "sha256:8100c896ecb361794d8bfdb9c11fce618c7cf83d624d73d5ab38aef3bc82d43f",
                "sha256:c0ee8eca2c582d29c3c2ec6e2c4f703d1b7f1fb10bc72317355a746057e7346c",
                "sha256:e4c015484ff0ff197564917b4b4246ca03f411b9bd7f16e02a2f586eb48b6d04",
                "sha256:ebc4ed52dcc93eeebeae5cf5deb2ae4347b3a81c3fa12b0b8c976544829396a4"
            ],
            "version": "==5.2"
        },
        "six": {
            "hashes": [
                "sha256:1f1b7d42e254082a9db6279deae68afb421ceba6158efa6131de7b3003ee93fd",
                "sha256:30f610279e8b2578cab6db20741130331735c781b56053c59c4076da27f06b66"
            ],
            "version": "==1.13.0"
        }
    },
    "develop": {
        "appdirs": {
            "hashes": [
                "sha256:9e5896d1372858f8dd3344faf4e5014d21849c756c8d5701f78f8a103b372d92",
                "sha256:d8b24664561d0d34ddfaec54636d502d7cea6e29c3eaf68f3df6180863e2166e"
            ],
            "version": "==1.4.3"
        },
        "aspy.yaml": {
            "hashes": [
                "sha256:463372c043f70160a9ec950c3f1e4c3a82db5fca01d334b6bc89c7164d744bdc",
                "sha256:e7c742382eff2caed61f87a39d13f99109088e5e93f04d76eb8d4b28aa143f45"
            ],
            "version": "==1.3.0"
        },
        "attrs": {
            "hashes": [
                "sha256:08a96c641c3a74e44eb59afb61a24f2cb9f4d7188748e76ba4bb5edfa3cb7d1c",
                "sha256:f7b7ce16570fe9965acd6d30101a28f62fb4a7f9e926b3bbc9b61f8b04247e72"
            ],
            "version": "==19.3.0"
        },
        "black": {
            "hashes": [
                "sha256:09a9dcb7c46ed496a9850b76e4e825d6049ecd38b611f1224857a79bd985a8cf",
                "sha256:68950ffd4d9169716bcb8719a56c07a2f4485354fec061cdd5910aa07369731c"
            ],
            "index": "pypi",
            "version": "==19.3b0"
        },
        "cfgv": {
            "hashes": [
                "sha256:edb387943b665bf9c434f717bf630fa78aecd53d5900d2e05da6ad6048553144",
                "sha256:fbd93c9ab0a523bf7daec408f3be2ed99a980e20b2d19b50fc184ca6b820d289"
            ],
            "version": "==2.0.1"
        },
        "click": {
            "hashes": [
                "sha256:2335065e6395b9e67ca716de5f7526736bfa6ceead690adf616d925bdc622b13",
                "sha256:5b94b49521f6456670fdb30cd82a4eca9412788a93fa6dd6df72c94d5a8ff2d7"
            ],
            "version": "==7.0"
        },
        "entrypoints": {
            "hashes": [
                "sha256:589f874b313739ad35be6e0cd7efde2a4e9b6fea91edcc34e58ecbb8dbe56d19",
                "sha256:c70dd71abe5a8c85e55e12c19bd91ccfeec11a6e99044204511f9ed547d48451"
            ],
            "version": "==0.3"
        },
        "flake8": {
            "hashes": [
                "sha256:45681a117ecc81e870cbf1262835ae4af5e7a8b08e40b944a8a6e6b895914cfb",
                "sha256:49356e766643ad15072a789a20915d3c91dc89fd313ccd71802303fd67e4deca"
            ],
            "index": "pypi",
            "version": "==3.7.9"
        },
        "grpcio": {
            "hashes": [
                "sha256:066630f6b62bffa291dacbee56994279a6a3682b8a11967e9ccaf3cc770fc11e",
                "sha256:07e95762ca6b18afbeb3aa2793e827c841152d5e507089b1db0b18304edda105",
                "sha256:0a0fb2f8e3a13537106bc77e4c63005bc60124a6203034304d9101921afa4e90",
                "sha256:0c61b74dcfb302613926e785cb3542a0905b9a3a86e9410d8cf5d25e25e10104",
                "sha256:13383bd70618da03684a8aafbdd9e3d9a6720bf8c07b85d0bc697afed599d8f0",
                "sha256:1c6e0f6b9d091e3717e9a58d631c8bb4898be3b261c2a01fe46371fdc271052f",
                "sha256:1cf710c04689daa5cc1e598efba00b028215700dcc1bf66fcb7b4f64f2ea5d5f",
                "sha256:2da5cee9faf17bb8daf500cd0d28a17ae881ab5500f070a6aace457f4c08cac4",
                "sha256:2f78ebf340eaf28fa09aba0f836a8b869af1716078dfe8f3b3f6ff785d8f2b0f",
                "sha256:33a07a1a8e817d733588dbd18e567caad1a6fe0d440c165619866cd490c7911a",
                "sha256:3d090c66af9c065b7228b07c3416f93173e9839b1d40bb0ce3dd2aa783645026",
                "sha256:42b903a3596a10e2a3727bae2a76f8aefd324d498424b843cfa9606847faea7b",
                "sha256:4fffbb58134c4f23e5a8312ac3412db6f5e39e961dc0eb5e3115ce5aa16bf927",
                "sha256:57be5a6c509a406fe0ffa6f8b86904314c77b5e2791be8123368ad2ebccec874",
                "sha256:5b0fa09efb33e2af4e8822b4eb8b2cbc201d562e3e185c439be7eaeee2e8b8aa",
                "sha256:5ef42dfc18f9a63a06aca938770b69470bb322e4c137cf08cf21703d1ef4ae5c",
                "sha256:6a43d2f2ff8250f200fdf7aa31fa191a997922aa9ea1182453acd705ad83ab72",
                "sha256:6d8ab28559be98b02f8b3a154b53239df1aa5b0d28ff865ae5be4f30e7ed4d3f",
                "sha256:6e47866b7dc14ca3a12d40c1d6082e7bea964670f1c5315ea0fb8b0550244d64",
                "sha256:6edda1b96541187f73aab11800d25f18ee87e53d5f96bb74473873072bf28a0e",
                "sha256:7109c8738a8a3c98cfb5dda1c45642a8d6d35dc00d257ab7a175099b2b4daecd",
                "sha256:8d866aafb08657c456a18c4a31c8526ea62de42427c242b58210b9eae6c64559",
                "sha256:9939727d9ae01690b24a2b159ac9dbca7b7e8e6edd5af6a6eb709243cae7b52b",
                "sha256:99fd873699df17cb11c542553270ae2b32c169986e475df0d68a8629b8ef4df7",
                "sha256:b6fda5674f990e15e1bcaacf026428cf50bce36e708ddcbd1de9673b14aab760",
                "sha256:bdb2f3dcb664f0c39ef1312cd6acf6bc6375252e4420cf8f36fff4cb4fa55c71",
                "sha256:bfd7d3130683a1a0a50c456273c21ec8a604f2d043b241a55235a78a0090ee06",
                "sha256:c6c2db348ac73d73afe14e0833b18abbbe920969bf2c5c03c0922719f8020d06",
                "sha256:cb7a4b41b5e2611f85c3402ac364f1d689f5d7ecbc24a55ef010eedcd6cf460f",
                "sha256:cd3d3e328f20f7c807a862620c6ee748e8d57ba2a8fc960d48337ed71c6d9d32",
                "sha256:d1a481777952e4f99b8a6956581f3ee866d7614100d70ae6d7e07327570b85ce",
                "sha256:d1d49720ed636920bb3d74cedf549382caa9ad55aea89d1de99d817068d896b2",
                "sha256:d42433f0086cccd192114343473d7dbd4aae9141794f939e2b7b83efc57543db",
                "sha256:d44c34463a7c481e076f691d8fa25d080c3486978c2c41dca09a8dd75296c2d7",
                "sha256:d7e5b7af1350e9c8c17a7baf99d575fbd2de69f7f0b0e6ebd47b57506de6493a",
                "sha256:d9542366a0917b9b48bab1fee481ac01f56bdffc52437b598c09e7840148a6a9",
                "sha256:df7cdfb40179acc9790a462c049e0b8e109481164dd7ad1a388dd67ff1528759",
                "sha256:e1a9d9d2e7224d981aea8da79260c7f6932bf31ce1f99b7ccfa5eceeb30dc5d0",
                "sha256:ed10e5fad105ecb0b12822f924e62d0deb07f46683a0b64416b17fd143daba1d",
                "sha256:f0ec5371ce2363b03531ed522bfbe691ec940f51f0e111f0500fc0f44518c69d",
                "sha256:f6580a8a4f5e701289b45fd62a8f6cb5ec41e4d77082424f8b676806dcd22564",
                "sha256:f7b83e4b2842d44fce3cdc0d54db7a7e0d169a598751bf393601efaa401c83e0",
                "sha256:ffec45b0db18a555fdfe0c6fa2d0a3fceb751b22b31e8fcd14ceed7bde05481e"
            ],
            "version": "==1.26.0"
        },
        "grpcio-tools": {
            "hashes": [
                "sha256:0286f704e55e3012fec3910400fe1a4ed11aeb66d3ec4b7f8041845af7fb7206",
                "sha256:033a4e80dc78d9c11860800bd5a66b65ff385be8f669e96b02e795364c860597",
                "sha256:0e3b5469912430f19407ebe14cfd1bece1b5a277c4d43e1b65dbff19d9475ccc",
                "sha256:131aa8c3862a555819428856f872ab9e919e351d7cd60c98012e12d2fb6afc45",
                "sha256:1783b8fa74f58a643e7780112fc4eb6110789672e852a691fad6af6b94a90c4a",
                "sha256:1e80f74854bd1c7263942e836d69f95ffc66bb45bf14bf3e1ab61113271b5884",
                "sha256:27ae784acff3d2fa04e3b4dc72f8d60a55d654f90e410adf08f46a4d2d673dd3",
                "sha256:33c6bee5a02408018dc10a5737818d2159f14cbb0613df41cc93ba6cbaeea095",
                "sha256:376a1840d1f5d25e9c3391557d6b3eeb3de17be697b0e55d8247d0262fcbaacf",
                "sha256:3922dffd8160d54dc00c7d32b30776a974cc098086493c668faffac19e752087",
                "sha256:4ba7e5afc93b413bbb5f3dd65ba583e078ff5895a5053d825ab793cf7720ae96",
                "sha256:4e9a1276f8699d06518cec8caceb2c423fc7f971765cab7550d39f281795fd81",
                "sha256:51ac9c4f8a542cd20c6776fde781c84c0acd8faba55ec14f121c6b4eb4245e89",
                "sha256:5580b86cf49936c9c74f0def44d3582a7a1bb720eba8a14805c3a61efa790c70",
                "sha256:58a879208bd84d6819a61c1b0618655574ef9df1d63a0e2f434fdcb5cfa1fb57",
                "sha256:675918f83fa35bd54f4c29d95d8652c6215d5e95a13b6f14e626cdef6d0fce79",
                "sha256:68259fd06188951d152665ffe44f9660edd715c102ae4bc4216eca4c4666dadf",
                "sha256:6cea124cbd9081a587e1954b98e9a27c7cca6ae72babc3046ab6b439a5730679",
                "sha256:6f356a445ba7afc634b1046d9f51d3ae37afbf4fe1a500285aca37677462a7b9",
                "sha256:7f7430434bd997584f2136a675559ba0d4afdf7cb71d9bbc429b0cc831e6828c",
                "sha256:809d60f15a32c21dc221ddb591aff8adfdde4e05095414eb8e015cdfef361615",
                "sha256:826c19f26b41e99691e77823ad67f04dc0b69e514212907695e330c6f106415c",
                "sha256:96c6f657b93f49243d083840d27a5a686a1fc26044a80ebf8585734d5152d4ee",
                "sha256:9a2091371298f04ef350f776365945537d0befa95bad5623d80c4207bdff9d3a",
                "sha256:9af72b764b41ba939e8e0a7ae9ec8a17d1c46a18797c6342cba6483f29e1790f",
                "sha256:a209002e3d4787f0e90e29f15cddbe83dc9054238c0da7f539c913002a348cc1",
                "sha256:a908d5af2f26673e970c7c03703437bf95d10e88dad3322e7e267467db44a04d",
                "sha256:ab841c69581085b6f9aa54044a13db6ec31183513f7cce0862d29c9b7b4e3c64",
                "sha256:b1bc78efefb8e085c072add2c02326fdecad9b8644b3be11e715ea4c6102ad87",
                "sha256:b97e74ffe121dfa9ae7ec94393fce4e95e9e0a343827663e989dc4b7c918d1a5",
                "sha256:bba8d3b61ec113bb94596599d2568217b22ddfc7baa46c00dec5106cfd4e914b",
                "sha256:bfe0e33aea60da100b214c72c1746cc0194bb8da910004518c185041cc795543",
                "sha256:c15f0718cbc3986e747d5b0734198dce0ac07d188ec5e063b1e9889ac947f86e",
                "sha256:c56d0ac769bf1f01dbb6ec6b6492849e70cd35bdeeb660e206a70ab43917ae92",
                "sha256:d396fdb7026986e6d3897bb207cc7d5bc536a82a2e50af806a24b3d254c73bc3",
                "sha256:d62ab00dea7fa0813fc813a6c848da2eeda5cb71893b892a229d23949de0cecd",
                "sha256:da75e33e185c8be17a82ec4a97f5c75ec05d57e85f8b285f86e2a22484849e4a",
                "sha256:dcbd1fbb540638c9ad9c3a071b392b654f79666a2bc12808080b0e9f674b9a80",
                "sha256:e7e90bad5466347a3648358e9f437e72d5f6d6025fe741171a88aca8b9d864df",
                "sha256:eae371a663ceeef8f930323a120a9d11e13e1c49903a66ddb4ada4830d5bcb7d",
                "sha256:f290cccc972533a288c2ebc55eb3c0fbe0c6a0d0a9775cb34ce6bfb11fe14a11",
                "sha256:facb8c588cdd6adc51ae7545f59283565dae8d946c6163e578b70ab6bf161215",
                "sha256:fb043e45f91634776acdfe4b8dfc96b636c53a458799179041ab633e15c3d833"
            ],
            "index": "pypi",
            "version": "==1.26.0"
        },
        "identify": {
            "hashes": [
                "sha256:7782115794ec28b011702815d9f5e532244560cd2bf0789c4f09381d43befd90",
                "sha256:9e7521e9abeaede4d2d1092a106e418c65ddf6b3182b43930bcb3c8cfb974488"
            ],
            "version": "==1.4.8"
        },
        "importlib-metadata": {
            "hashes": [
                "sha256:073a852570f92da5f744a3472af1b61e28e9f78ccf0c9117658dc32b15de7b45",
                "sha256:d95141fbfa7ef2ec65cfd945e2af7e5a6ddbd7c8d9a25e66ff3be8e3daf9f60f"
            ],
            "markers": "python_version < '3.8'",
            "version": "==1.3.0"
        },
        "importlib-resources": {
            "hashes": [
                "sha256:6e2783b2538bd5a14678284a3962b0660c715e5a0f10243fd5e00a4b5974f50b",
                "sha256:d3279fd0f6f847cced9f7acc19bd3e5df54d34f93a2e7bb5f238f81545787078"
            ],
            "markers": "python_version < '3.7'",
            "version": "==1.0.2"
        },
        "isort": {
            "hashes": [
                "sha256:54da7e92468955c4fceacd0c86bd0ec997b0e1ee80d97f67c35a78b719dccab1",
                "sha256:6e811fcb295968434526407adb8796944f1988c5b65e8139058f2014cbe100fd"
            ],
            "index": "pypi",
            "version": "==4.3.21"
        },
        "mccabe": {
            "hashes": [
                "sha256:ab8a6258860da4b6677da4bd2fe5dc2c659cff31b3ee4f7f5d64e79735b80d42",
                "sha256:dd8d182285a0fe56bace7f45b5e7d1a6ebcbf524e8f3bd87eb0f125271b8831f"
            ],
            "version": "==0.6.1"
        },
        "mock": {
            "hashes": [
                "sha256:83657d894c90d5681d62155c82bda9c1187827525880eda8ff5df4ec813437c3",
                "sha256:d157e52d4e5b938c550f39eb2fd15610db062441a9c2747d3dbfa9298211d0f8"
            ],
            "index": "pypi",
            "version": "==3.0.5"
        },
        "more-itertools": {
            "hashes": [
                "sha256:b84b238cce0d9adad5ed87e745778d20a3f8487d0f0cb8b8a586816c7496458d",
                "sha256:c833ef592a0324bcc6a60e48440da07645063c453880c9477ceb22490aec1564"
            ],
            "version": "==8.0.2"
        },
        "nodeenv": {
            "hashes": [
                "sha256:ad8259494cf1c9034539f6cced78a1da4840a4b157e23640bc4a0c0546b0cb7a"
            ],
            "version": "==1.3.3"
        },
        "packaging": {
            "hashes": [
                "sha256:28b924174df7a2fa32c1953825ff29c61e2f5e082343165438812f00d3a7fc47",
                "sha256:d9551545c6d761f3def1677baf08ab2a3ca17c56879e70fecba2fc4dde4ed108"
            ],
            "version": "==19.2"
        },
        "pluggy": {
            "hashes": [
                "sha256:15b2acde666561e1298d71b523007ed7364de07029219b604cf808bfa1c765b0",
                "sha256:966c145cd83c96502c3c3868f50408687b38434af77734af1e9ca461a4081d2d"
            ],
            "version": "==0.13.1"
        },
        "pre-commit": {
            "hashes": [
                "sha256:9f152687127ec90642a2cc3e4d9e1e6240c4eb153615cb02aa1ad41d331cbb6e",
                "sha256:c2e4810d2d3102d354947907514a78c5d30424d299dc0fe48f5aa049826e9b50"
            ],
            "index": "pypi",
            "version": "==1.20.0"
        },
        "protobuf": {
            "hashes": [
                "sha256:0265379852b9e1f76af6d3d3fe4b3c383a595cc937594bda8565cf69a96baabd",
                "sha256:29bd1ed46b2536ad8959401a2f02d2d7b5a309f8e97518e4f92ca6c5ba74dbed",
                "sha256:3175d45698edb9a07c1a78a1a4850e674ce8988f20596580158b1d0921d0f057",
                "sha256:34a7270940f86da7a28be466ac541c89b6dbf144a6348b9cf7ac6f56b71006ce",
                "sha256:38cbc830a4a5ba9956763b0f37090bfd14dd74e72762be6225de2ceac55f4d03",
                "sha256:665194f5ad386511ac8d8a0bd57b9ab37b8dd2cd71969458777318e774b9cd46",
                "sha256:839bad7d115c77cdff29b488fae6a3ab503ce9a4192bd4c42302a6ea8e5d0f33",
                "sha256:934a9869a7f3b0d84eca460e386fba1f7ba2a0c1a120a2648bc41fadf50efd1c",
                "sha256:aecdf12ef6dc7fd91713a6da93a86c2f2a8fe54840a3b1670853a2b7402e77c9",
                "sha256:c4e90bc27c0691c76e09b5dc506133451e52caee1472b8b3c741b7c912ce43ef",
                "sha256:c65d135ea2d85d40309e268106dab02d3bea723db2db21c23ecad4163ced210b",
                "sha256:c98dea04a1ff41a70aff2489610f280004831798cb36a068013eed04c698903d",
                "sha256:d9049aa194378a426f0b2c784e2054565bf6f754d20fcafdee7102a6250556e8",
                "sha256:e028fee51c96de4e81924484c77111dfdea14010ecfc906ea5b252209b0c4de6",
                "sha256:e84ad26fb50091b1ea676403c0dd2bd47663099454aa6d88000b1dafecab0941",
                "sha256:e88a924b591b06d0191620e9c8aa75297b3111066bb09d49a24bae1054a10c13"
            ],
            "version": "==3.11.1"
        },
        "py": {
            "hashes": [
                "sha256:64f65755aee5b381cea27766a3a147c3f15b9b6b9ac88676de66ba2ae36793fa",
                "sha256:dc639b046a6e2cff5bbe40194ad65936d6ba360b52b3c3fe1d08a82dd50b5e53"
            ],
            "version": "==1.8.0"
        },
        "pycodestyle": {
            "hashes": [
                "sha256:95a2219d12372f05704562a14ec30bc76b05a5b297b21a5dfe3f6fac3491ae56",
                "sha256:e40a936c9a450ad81df37f549d676d127b1b66000a6c500caa2b085bc0ca976c"
            ],
            "version": "==2.5.0"
        },
        "pyflakes": {
            "hashes": [
                "sha256:17dbeb2e3f4d772725c777fabc446d5634d1038f234e77343108ce445ea69ce0",
                "sha256:d976835886f8c5b31d47970ed689944a0262b5f3afa00a5a7b4dc81e5449f8a2"
            ],
            "version": "==2.1.1"
        },
        "pyparsing": {
            "hashes": [
                "sha256:20f995ecd72f2a1f4bf6b072b63b22e2eb457836601e76d6e5dfcd75436acc1f",
                "sha256:4ca62001be367f01bd3e92ecbb79070272a9d4964dce6a48a82ff0b8bc7e683a"
            ],
            "version": "==2.4.5"
        },
        "pytest": {
            "hashes": [
                "sha256:6b571215b5a790f9b41f19f3531c53a45cf6bb8ef2988bc1ff9afb38270b25fa",
                "sha256:e41d489ff43948babd0fad7ad5e49b8735d5d55e26628a58673c39ff61d95de4"
            ],
            "index": "pypi",
            "version": "==5.3.2"
        },
        "pyyaml": {
            "hashes": [
                "sha256:0e7f69397d53155e55d10ff68fdfb2cf630a35e6daf65cf0bdeaf04f127c09dc",
                "sha256:2e9f0b7c5914367b0916c3c104a024bb68f269a486b9d04a2e8ac6f6597b7803",
                "sha256:35ace9b4147848cafac3db142795ee42deebe9d0dad885ce643928e88daebdcc",
                "sha256:38a4f0d114101c58c0f3a88aeaa44d63efd588845c5a2df5290b73db8f246d15",
                "sha256:483eb6a33b671408c8529106df3707270bfacb2447bf8ad856a4b4f57f6e3075",
                "sha256:4b6be5edb9f6bb73680f5bf4ee08ff25416d1400fbd4535fe0069b2994da07cd",
                "sha256:7f38e35c00e160db592091751d385cd7b3046d6d51f578b29943225178257b31",
                "sha256:8100c896ecb361794d8bfdb9c11fce618c7cf83d624d73d5ab38aef3bc82d43f",
                "sha256:c0ee8eca2c582d29c3c2ec6e2c4f703d1b7f1fb10bc72317355a746057e7346c",
                "sha256:e4c015484ff0ff197564917b4b4246ca03f411b9bd7f16e02a2f586eb48b6d04",
                "sha256:ebc4ed52dcc93eeebeae5cf5deb2ae4347b3a81c3fa12b0b8c976544829396a4"
            ],
            "version": "==5.2"
        },
        "six": {
            "hashes": [
                "sha256:1f1b7d42e254082a9db6279deae68afb421ceba6158efa6131de7b3003ee93fd",
                "sha256:30f610279e8b2578cab6db20741130331735c781b56053c59c4076da27f06b66"
            ],
            "version": "==1.13.0"
        },
        "toml": {
            "hashes": [
                "sha256:229f81c57791a41d65e399fc06bf0848bab550a9dfd5ed66df18ce5f05e73d5c",
                "sha256:235682dd292d5899d361a811df37e04a8828a5b1da3115886b73cf81ebc9100e"
            ],
            "version": "==0.10.0"
        },
        "virtualenv": {
            "hashes": [
                "sha256:0d62c70883c0342d59c11d0ddac0d954d0431321a41ab20851facf2b222598f3",
                "sha256:55059a7a676e4e19498f1aad09b8313a38fcc0cdbe4fdddc0e9b06946d21b4bb"
            ],
            "version": "==16.7.9"
        },
        "wcwidth": {
            "hashes": [
                "sha256:3df37372226d6e63e1b1e1eda15c594bca98a22d33a23832a90998faa96bc65e",
                "sha256:f4ebe71925af7b40a864553f761ed559b43544f8f71746c2d756c7fe788ade7c"
            ],
            "version": "==0.1.7"
        },
        "zipp": {
            "hashes": [
                "sha256:3718b1cbcd963c7d4c5511a8240812904164b7f381b647143a89d3b98f9bcd8e",
                "sha256:f06903e9f1f43b12d371004b4ac7b06ab39a44adc747266928ae6debfa7b3335"
            ],
            "version": "==0.6.0"
        }
    }
}
